
Microsoft Visual Studio Solution File, Format Version 12.00
# Visual Studio 2017
Project("{FAE04EC0-301F-11D3-BF4B-00C04F79EFBC}") = "HoloRPG", "HoloRPG.csproj", "{34155251-B81A-168C-76D3-726D2A47E8EC}"
EndProject
Project("{FAE04EC0-301F-11D3-BF4B-00C04F79EFBC}") = "HoloRPG.Editor", "HoloRPG.Editor.csproj", "{A900094F-0A08-7AA7-618F-65972C58DA9D}"
EndProject
Global
	GlobalSection(SolutionConfigurationPlatforms) = preSolution
		Debug|Any CPU = Debug|Any CPU
		Release|Any CPU = Release|Any CPU
	EndGlobalSection
	GlobalSection(ProjectConfigurationPlatforms) = postSolution
		{34155251-B81A-168C-76D3-726D2A47E8EC}.Debug|Any CPU.ActiveCfg = Debug|Any CPU
		{34155251-B81A-168C-76D3-726D2A47E8EC}.Debug|Any CPU.Build.0 = Debug|Any CPU
		{34155251-B81A-168C-76D3-726D2A47E8EC}.Release|Any CPU.ActiveCfg = Release|Any CPU
		{34155251-B81A-168C-76D3-726D2A47E8EC}.Release|Any CPU.Build.0 = Release|Any CPU
		{A900094F-0A08-7AA7-618F-65972C58DA9D}.Debug|Any CPU.ActiveCfg = Debug|Any CPU
		{A900094F-0A08-7AA7-618F-65972C58DA9D}.Debug|Any CPU.Build.0 = Debug|Any CPU
		{A900094F-0A08-7AA7-618F-65972C58DA9D}.Release|Any CPU.ActiveCfg = Release|Any CPU
		{A900094F-0A08-7AA7-618F-65972C58DA9D}.Release|Any CPU.Build.0 = Release|Any CPU
	EndGlobalSection
	GlobalSection(SolutionProperties) = preSolution
		HideSolutionNode = FALSE
	EndGlobalSection
EndGlobal
