
Microsoft Visual Studio Solution File, Format Version 11.00
# Visual Studio 2010
Project("{FAE04EC0-301F-11D3-BF4B-00C04F79EFBC}") = "Assembly-CSharp", "Assembly-CSharp.csproj", "{D27998C6-E04E-C25C-A16D-06E20AD34945}"
EndProject
Project("{FAE04EC0-301F-11D3-BF4B-00C04F79EFBC}") = "Microsoft.MixedReality.Toolkit", "Microsoft.MixedReality.Toolkit.csproj", "{171D6E07-EFE1-C63B-DD24-0AB576E85155}"
EndProject
Project("{FAE04EC0-301F-11D3-BF4B-00C04F79EFBC}") = "Microsoft.MixedReality.Toolkit.SDK", "Microsoft.MixedReality.Toolkit.SDK.csproj", "{A42B14C9-EE9B-46EC-F079-612CC358CB56}"
EndProject
Project("{FAE04EC0-301F-11D3-BF4B-00C04F79EFBC}") = "Microsoft.MixedReality.Toolkit.Core.Utilities.Async", "Microsoft.MixedReality.Toolkit.Core.Utilities.Async.csproj", "{C37B5638-75D3-FCEC-8EBA-2A57A6191F3F}"
EndProject
Project("{FAE04EC0-301F-11D3-BF4B-00C04F79EFBC}") = "Microsoft.MixedReality.Toolkit.InputSystem", "Microsoft.MixedReality.Toolkit.InputSystem.csproj", "{7C6472E0-F89F-B227-1AFC-F0A32647D1FD}"
EndProject
Project("{FAE04EC0-301F-11D3-BF4B-00C04F79EFBC}") = "Microsoft.MixedReality.Toolkit.Core.Inspectors", "Microsoft.MixedReality.Toolkit.Core.Inspectors.csproj", "{2E9A079F-7287-7EA3-3716-F48CC19A5DC3}"
EndProject
Project("{FAE04EC0-301F-11D3-BF4B-00C04F79EFBC}") = "Assembly-CSharp-Editor", "Assembly-CSharp-Editor.csproj", "{EAE6A374-BBB0-CF12-BF13-898B46FB039A}"
EndProject
Project("{FAE04EC0-301F-11D3-BF4B-00C04F79EFBC}") = "Microsoft.MixedReality.Toolkit.SDK.Inspectors", "Microsoft.MixedReality.Toolkit.SDK.Inspectors.csproj", "{B12E3702-46F4-7761-BAD4-66B29B278DD8}"
EndProject
Project("{FAE04EC0-301F-11D3-BF4B-00C04F79EFBC}") = "Microsoft.MixedReality.Toolkit.Core.Utilities.Editor", "Microsoft.MixedReality.Toolkit.Core.Utilities.Editor.csproj", "{662374F9-09A2-A2AC-EF1A-9002B686543A}"
EndProject
Project("{FAE04EC0-301F-11D3-BF4B-00C04F79EFBC}") = "Microsoft.MixedReality.Toolkit.Core.Build", "Microsoft.MixedReality.Toolkit.Core.Build.csproj", "{018B4490-EDFA-8E82-AB2E-8AA08E68EF3A}"
EndProject
Project("{FAE04EC0-301F-11D3-BF4B-00C04F79EFBC}") = "Microsoft.MixedReality.Toolkit.Core.Definitions.Utilities.Editor", "Microsoft.MixedReality.Toolkit.Core.Definitions.Utilities.Editor.csproj", "{58BCAD54-D3EA-74CE-151A-67C50CBFD726}"
EndProject
Project("{FAE04EC0-301F-11D3-BF4B-00C04F79EFBC}") = "Microsoft.MixedReality.Toolkit.InputSystem.Inspectors", "Microsoft.MixedReality.Toolkit.InputSystem.Inspectors.csproj", "{5ECE8A47-6C8B-473C-449A-D15B4DEA513A}"
EndProject
Project("{FAE04EC0-301F-11D3-BF4B-00C04F79EFBC}") = "Microsoft.MixedReality.Toolkit.Core.Extensions.EditorClassExtensions", "Microsoft.MixedReality.Toolkit.Core.Extensions.EditorClassExtensions.csproj", "{95E4383E-A3B2-DE3E-A474-E8B621BF4B89}"
EndProject
Global
	GlobalSection(SolutionConfigurationPlatforms) = preSolution
		Debug|Any CPU = Debug|Any CPU
		Release|Any CPU = Release|Any CPU
	EndGlobalSection
	GlobalSection(ProjectConfigurationPlatforms) = postSolution
		{D27998C6-E04E-C25C-A16D-06E20AD34945}.Debug|Any CPU.ActiveCfg = Debug|Any CPU
		{D27998C6-E04E-C25C-A16D-06E20AD34945}.Debug|Any CPU.Build.0 = Debug|Any CPU
		{D27998C6-E04E-C25C-A16D-06E20AD34945}.Release|Any CPU.ActiveCfg = Release|Any CPU
		{D27998C6-E04E-C25C-A16D-06E20AD34945}.Release|Any CPU.Build.0 = Release|Any CPU
		{171D6E07-EFE1-C63B-DD24-0AB576E85155}.Debug|Any CPU.ActiveCfg = Debug|Any CPU
		{171D6E07-EFE1-C63B-DD24-0AB576E85155}.Debug|Any CPU.Build.0 = Debug|Any CPU
		{171D6E07-EFE1-C63B-DD24-0AB576E85155}.Release|Any CPU.ActiveCfg = Release|Any CPU
		{171D6E07-EFE1-C63B-DD24-0AB576E85155}.Release|Any CPU.Build.0 = Release|Any CPU
		{A42B14C9-EE9B-46EC-F079-612CC358CB56}.Debug|Any CPU.ActiveCfg = Debug|Any CPU
		{A42B14C9-EE9B-46EC-F079-612CC358CB56}.Debug|Any CPU.Build.0 = Debug|Any CPU
		{A42B14C9-EE9B-46EC-F079-612CC358CB56}.Release|Any CPU.ActiveCfg = Release|Any CPU
		{A42B14C9-EE9B-46EC-F079-612CC358CB56}.Release|Any CPU.Build.0 = Release|Any CPU
		{C37B5638-75D3-FCEC-8EBA-2A57A6191F3F}.Debug|Any CPU.ActiveCfg = Debug|Any CPU
		{C37B5638-75D3-FCEC-8EBA-2A57A6191F3F}.Debug|Any CPU.Build.0 = Debug|Any CPU
		{C37B5638-75D3-FCEC-8EBA-2A57A6191F3F}.Release|Any CPU.ActiveCfg = Release|Any CPU
		{C37B5638-75D3-FCEC-8EBA-2A57A6191F3F}.Release|Any CPU.Build.0 = Release|Any CPU
		{7C6472E0-F89F-B227-1AFC-F0A32647D1FD}.Debug|Any CPU.ActiveCfg = Debug|Any CPU
		{7C6472E0-F89F-B227-1AFC-F0A32647D1FD}.Debug|Any CPU.Build.0 = Debug|Any CPU
		{7C6472E0-F89F-B227-1AFC-F0A32647D1FD}.Release|Any CPU.ActiveCfg = Release|Any CPU
		{7C6472E0-F89F-B227-1AFC-F0A32647D1FD}.Release|Any CPU.Build.0 = Release|Any CPU
		{2E9A079F-7287-7EA3-3716-F48CC19A5DC3}.Debug|Any CPU.ActiveCfg = Debug|Any CPU
		{2E9A079F-7287-7EA3-3716-F48CC19A5DC3}.Debug|Any CPU.Build.0 = Debug|Any CPU
		{2E9A079F-7287-7EA3-3716-F48CC19A5DC3}.Release|Any CPU.ActiveCfg = Release|Any CPU
		{2E9A079F-7287-7EA3-3716-F48CC19A5DC3}.Release|Any CPU.Build.0 = Release|Any CPU
		{EAE6A374-BBB0-CF12-BF13-898B46FB039A}.Debug|Any CPU.ActiveCfg = Debug|Any CPU
		{EAE6A374-BBB0-CF12-BF13-898B46FB039A}.Debug|Any CPU.Build.0 = Debug|Any CPU
		{EAE6A374-BBB0-CF12-BF13-898B46FB039A}.Release|Any CPU.ActiveCfg = Release|Any CPU
		{EAE6A374-BBB0-CF12-BF13-898B46FB039A}.Release|Any CPU.Build.0 = Release|Any CPU
		{B12E3702-46F4-7761-BAD4-66B29B278DD8}.Debug|Any CPU.ActiveCfg = Debug|Any CPU
		{B12E3702-46F4-7761-BAD4-66B29B278DD8}.Debug|Any CPU.Build.0 = Debug|Any CPU
		{B12E3702-46F4-7761-BAD4-66B29B278DD8}.Release|Any CPU.ActiveCfg = Release|Any CPU
		{B12E3702-46F4-7761-BAD4-66B29B278DD8}.Release|Any CPU.Build.0 = Release|Any CPU
		{662374F9-09A2-A2AC-EF1A-9002B686543A}.Debug|Any CPU.ActiveCfg = Debug|Any CPU
		{662374F9-09A2-A2AC-EF1A-9002B686543A}.Debug|Any CPU.Build.0 = Debug|Any CPU
		{662374F9-09A2-A2AC-EF1A-9002B686543A}.Release|Any CPU.ActiveCfg = Release|Any CPU
		{662374F9-09A2-A2AC-EF1A-9002B686543A}.Release|Any CPU.Build.0 = Release|Any CPU
		{018B4490-EDFA-8E82-AB2E-8AA08E68EF3A}.Debug|Any CPU.ActiveCfg = Debug|Any CPU
		{018B4490-EDFA-8E82-AB2E-8AA08E68EF3A}.Debug|Any CPU.Build.0 = Debug|Any CPU
		{018B4490-EDFA-8E82-AB2E-8AA08E68EF3A}.Release|Any CPU.ActiveCfg = Release|Any CPU
		{018B4490-EDFA-8E82-AB2E-8AA08E68EF3A}.Release|Any CPU.Build.0 = Release|Any CPU
		{58BCAD54-D3EA-74CE-151A-67C50CBFD726}.Debug|Any CPU.ActiveCfg = Debug|Any CPU
		{58BCAD54-D3EA-74CE-151A-67C50CBFD726}.Debug|Any CPU.Build.0 = Debug|Any CPU
		{58BCAD54-D3EA-74CE-151A-67C50CBFD726}.Release|Any CPU.ActiveCfg = Release|Any CPU
		{58BCAD54-D3EA-74CE-151A-67C50CBFD726}.Release|Any CPU.Build.0 = Release|Any CPU
		{5ECE8A47-6C8B-473C-449A-D15B4DEA513A}.Debug|Any CPU.ActiveCfg = Debug|Any CPU
		{5ECE8A47-6C8B-473C-449A-D15B4DEA513A}.Debug|Any CPU.Build.0 = Debug|Any CPU
		{5ECE8A47-6C8B-473C-449A-D15B4DEA513A}.Release|Any CPU.ActiveCfg = Release|Any CPU
		{5ECE8A47-6C8B-473C-449A-D15B4DEA513A}.Release|Any CPU.Build.0 = Release|Any CPU
		{95E4383E-A3B2-DE3E-A474-E8B621BF4B89}.Debug|Any CPU.ActiveCfg = Debug|Any CPU
		{95E4383E-A3B2-DE3E-A474-E8B621BF4B89}.Debug|Any CPU.Build.0 = Debug|Any CPU
		{95E4383E-A3B2-DE3E-A474-E8B621BF4B89}.Release|Any CPU.ActiveCfg = Release|Any CPU
		{95E4383E-A3B2-DE3E-A474-E8B621BF4B89}.Release|Any CPU.Build.0 = Release|Any CPU
	EndGlobalSection
	GlobalSection(SolutionProperties) = preSolution
		HideSolutionNode = FALSE
	EndGlobalSection
	GlobalSection(MonoDevelopProperties) = preSolution
		StartupItem = Assembly-CSharp.csproj
	EndGlobalSection
EndGlobal
