
Microsoft Visual Studio Solution File, Format Version 12.00
# Visual Studio 2017
Project("{FAE04EC0-301F-11D3-BF4B-00C04F79EFBC}") = "holorpg", "holorpg.csproj", "{8B724FF0-95CF-E042-EC13-1DB10E162BE5}"
EndProject
Project("{FAE04EC0-301F-11D3-BF4B-00C04F79EFBC}") = "holorpg.Editor", "holorpg.Editor.csproj", "{716CBDD8-E813-BAB3-C2F8-9F0EEAB80437}"
EndProject
Global
	GlobalSection(SolutionConfigurationPlatforms) = preSolution
		Debug|Any CPU = Debug|Any CPU
		Release|Any CPU = Release|Any CPU
	EndGlobalSection
	GlobalSection(ProjectConfigurationPlatforms) = postSolution
		{8B724FF0-95CF-E042-EC13-1DB10E162BE5}.Debug|Any CPU.ActiveCfg = Debug|Any CPU
		{8B724FF0-95CF-E042-EC13-1DB10E162BE5}.Debug|Any CPU.Build.0 = Debug|Any CPU
		{8B724FF0-95CF-E042-EC13-1DB10E162BE5}.Release|Any CPU.ActiveCfg = Release|Any CPU
		{8B724FF0-95CF-E042-EC13-1DB10E162BE5}.Release|Any CPU.Build.0 = Release|Any CPU
		{716CBDD8-E813-BAB3-C2F8-9F0EEAB80437}.Debug|Any CPU.ActiveCfg = Debug|Any CPU
		{716CBDD8-E813-BAB3-C2F8-9F0EEAB80437}.Debug|Any CPU.Build.0 = Debug|Any CPU
		{716CBDD8-E813-BAB3-C2F8-9F0EEAB80437}.Release|Any CPU.ActiveCfg = Release|Any CPU
		{716CBDD8-E813-BAB3-C2F8-9F0EEAB80437}.Release|Any CPU.Build.0 = Release|Any CPU
	EndGlobalSection
	GlobalSection(SolutionProperties) = preSolution
		HideSolutionNode = FALSE
	EndGlobalSection
EndGlobal
