
Microsoft Visual Studio Solution File, Format Version 12.00
# Visual Studio 2017
Project("{FAE04EC0-301F-11D3-BF4B-00C04F79EFBC}") = "HoloRPG (github)", "HoloRPG (github).csproj", "{D6D0CE56-87D5-AB30-3026-21F141554DC7}"
EndProject
Project("{FAE04EC0-301F-11D3-BF4B-00C04F79EFBC}") = "HoloRPG (github).Editor", "HoloRPG (github).Editor.csproj", "{7ED3ED89-D1D9-8FCE-7B07-72997C51357D}"
EndProject
Global
	GlobalSection(SolutionConfigurationPlatforms) = preSolution
		Debug|Any CPU = Debug|Any CPU
		Release|Any CPU = Release|Any CPU
	EndGlobalSection
	GlobalSection(ProjectConfigurationPlatforms) = postSolution
		{D6D0CE56-87D5-AB30-3026-21F141554DC7}.Debug|Any CPU.ActiveCfg = Debug|Any CPU
		{D6D0CE56-87D5-AB30-3026-21F141554DC7}.Debug|Any CPU.Build.0 = Debug|Any CPU
		{D6D0CE56-87D5-AB30-3026-21F141554DC7}.Release|Any CPU.ActiveCfg = Release|Any CPU
		{D6D0CE56-87D5-AB30-3026-21F141554DC7}.Release|Any CPU.Build.0 = Release|Any CPU
		{7ED3ED89-D1D9-8FCE-7B07-72997C51357D}.Debug|Any CPU.ActiveCfg = Debug|Any CPU
		{7ED3ED89-D1D9-8FCE-7B07-72997C51357D}.Debug|Any CPU.Build.0 = Debug|Any CPU
		{7ED3ED89-D1D9-8FCE-7B07-72997C51357D}.Release|Any CPU.ActiveCfg = Release|Any CPU
		{7ED3ED89-D1D9-8FCE-7B07-72997C51357D}.Release|Any CPU.Build.0 = Release|Any CPU
	EndGlobalSection
	GlobalSection(SolutionProperties) = preSolution
		HideSolutionNode = FALSE
	EndGlobalSection
EndGlobal
